
Microsoft Visual Studio Solution File, Format Version 11.00
# Visual Studio 2010
Project("{FAE04EC0-301F-11D3-BF4B-00C04F79EFBC}") = "Remora", "src\Remora\Remora.csproj", "{8BE8A23F-3677-4818-9490-8CB158E08B75}"
EndProject
Project("{FAE04EC0-301F-11D3-BF4B-00C04F79EFBC}") = "Remora.Tests", "src\Remora.Tests\Remora.Tests.csproj", "{8E6E4740-D57A-4A39-B4AD-F27F12A10DA8}"
EndProject
Global
	GlobalSection(SolutionConfigurationPlatforms) = preSolution
		Debug|Any CPU = Debug|Any CPU
		Release|Any CPU = Release|Any CPU
	EndGlobalSection
	GlobalSection(ProjectConfigurationPlatforms) = postSolution
		{8BE8A23F-3677-4818-9490-8CB158E08B75}.Debug|Any CPU.ActiveCfg = Debug|Any CPU
		{8BE8A23F-3677-4818-9490-8CB158E08B75}.Debug|Any CPU.Build.0 = Debug|Any CPU
		{8BE8A23F-3677-4818-9490-8CB158E08B75}.Release|Any CPU.ActiveCfg = Release|Any CPU
		{8BE8A23F-3677-4818-9490-8CB158E08B75}.Release|Any CPU.Build.0 = Release|Any CPU
		{8E6E4740-D57A-4A39-B4AD-F27F12A10DA8}.Debug|Any CPU.ActiveCfg = Debug|Any CPU
		{8E6E4740-D57A-4A39-B4AD-F27F12A10DA8}.Debug|Any CPU.Build.0 = Debug|Any CPU
		{8E6E4740-D57A-4A39-B4AD-F27F12A10DA8}.Release|Any CPU.ActiveCfg = Release|Any CPU
		{8E6E4740-D57A-4A39-B4AD-F27F12A10DA8}.Release|Any CPU.Build.0 = Release|Any CPU
	EndGlobalSection
	GlobalSection(SolutionProperties) = preSolution
		HideSolutionNode = FALSE
	EndGlobalSection
EndGlobal
