
Microsoft Visual Studio Solution File, Format Version 11.00
# Visual Studio 2010
Project("{FAE04EC0-301F-11D3-BF4B-00C04F79EFBC}") = "WcfService", "WcfService\WcfService.csproj", "{007C5C76-AB50-40A6-B5C3-678F433FE4E8}"
EndProject
Project("{FAE04EC0-301F-11D3-BF4B-00C04F79EFBC}") = "SimpleProxy", "SimpleProxy\SimpleProxy.csproj", "{502E77B0-8D5E-46F7-9533-E35180CBD964}"
EndProject
Global
	GlobalSection(SolutionConfigurationPlatforms) = preSolution
		Debug|Any CPU = Debug|Any CPU
		Release|Any CPU = Release|Any CPU
	EndGlobalSection
	GlobalSection(ProjectConfigurationPlatforms) = postSolution
		{007C5C76-AB50-40A6-B5C3-678F433FE4E8}.Debug|Any CPU.ActiveCfg = Debug|Any CPU
		{007C5C76-AB50-40A6-B5C3-678F433FE4E8}.Debug|Any CPU.Build.0 = Debug|Any CPU
		{007C5C76-AB50-40A6-B5C3-678F433FE4E8}.Release|Any CPU.ActiveCfg = Release|Any CPU
		{007C5C76-AB50-40A6-B5C3-678F433FE4E8}.Release|Any CPU.Build.0 = Release|Any CPU
		{502E77B0-8D5E-46F7-9533-E35180CBD964}.Debug|Any CPU.ActiveCfg = Debug|Any CPU
		{502E77B0-8D5E-46F7-9533-E35180CBD964}.Debug|Any CPU.Build.0 = Debug|Any CPU
		{502E77B0-8D5E-46F7-9533-E35180CBD964}.Release|Any CPU.ActiveCfg = Release|Any CPU
		{502E77B0-8D5E-46F7-9533-E35180CBD964}.Release|Any CPU.Build.0 = Release|Any CPU
	EndGlobalSection
	GlobalSection(SolutionProperties) = preSolution
		HideSolutionNode = FALSE
	EndGlobalSection
EndGlobal
